
Microsoft Visual Studio Solution File, Format Version 12.00
# Visual Studio 15
VisualStudioVersion = 15.0.28010.2048
MinimumVisualStudioVersion = 10.0.40219.1
Project("{FAE04EC0-301F-11D3-BF4B-00C04F79EFBC}") = "EpiserverSiteInit", "EpiserverSiteInit\EpiserverSiteInit.csproj", "{D96DFEF7-3A9E-4AA8-8539-23D64FFC6758}"
EndProject
Global
	GlobalSection(SolutionConfigurationPlatforms) = preSolution
		Debug|Any CPU = Debug|Any CPU
		Release|Any CPU = Release|Any CPU
	EndGlobalSection
	GlobalSection(ProjectConfigurationPlatforms) = postSolution
		{D96DFEF7-3A9E-4AA8-8539-23D64FFC6758}.Debug|Any CPU.ActiveCfg = Debug|Any CPU
		{D96DFEF7-3A9E-4AA8-8539-23D64FFC6758}.Debug|Any CPU.Build.0 = Debug|Any CPU
		{D96DFEF7-3A9E-4AA8-8539-23D64FFC6758}.Release|Any CPU.ActiveCfg = Release|Any CPU
		{D96DFEF7-3A9E-4AA8-8539-23D64FFC6758}.Release|Any CPU.Build.0 = Release|Any CPU
	EndGlobalSection
	GlobalSection(SolutionProperties) = preSolution
		HideSolutionNode = FALSE
	EndGlobalSection
	GlobalSection(ExtensibilityGlobals) = postSolution
		SolutionGuid = {7FD28861-E81D-4114-B1FF-F72820C4D6FC}
	EndGlobalSection
EndGlobal
